<?xml version="1.0" encoding="utf-8"?>
<Project ToolsVersion="4.0" xmlns="http://schemas.microsoft.com/developer/msbuild/2003">
  <ItemGroup>
    <Filter Include="Shared">
      <UniqueIdentifier>{1E7C9A10-0002-4000-8000-000000000001}</UniqueIdentifier>
    </Filter>
  </ItemGroup>
  <ItemGroup>
    <ClInclude Include="include\NxBackend\NxConnector.h" />
    <ClInclude Include="include\NxBackend\NxAssemblyReader.h" />
    <ClInclude Include="include\NxBackend\NxGeometryReader.h" />
    <ClInclude Include="include\NxBackend\NxMaterialReader.h" />
    <ClInclude Include="$(SolutionDir)Shared\NxContracts\include\NxContracts\INxSessionAccessor.h"><Filter>Shared</Filter></ClInclude>
    <ClInclude Include="$(SolutionDir)Shared\NxContracts\include\NxContracts\NxGeometryUtils.h"><Filter>Shared</Filter></ClInclude>
  </ItemGroup>
  <ItemGroup>
    <ClCompile Include="src\NxConnector.cpp" />
    <ClCompile Include="src\NxAssemblyReader.cpp" />
    <ClCompile Include="src\NxGeometryReader.cpp" />
    <ClCompile Include="src\NxMaterialReader.cpp" />
    <ClCompile Include="$(SolutionDir)Shared\NxContracts\src\NxGeometryUtils.cpp"><Filter>Shared</Filter></ClCompile>
  </ItemGroup>
</Project>
